{
  "nodes": {
    "flake-utils": {
      "locked": {
        "lastModified": 1659877975,
        "narHash": "sha256-zllb8aq3YO3h8B/U0/J1WBgAL8EX5yWf5pMj3G0NAmc=",
        "owner": "numtide",
        "repo": "flake-utils",
        "rev": "c0e246b9b83f637f4681389ecabcb2681b4f3af0",
        "type": "github"
      },
      "original": {
        "owner": "numtide",
        "repo": "flake-utils",
        "type": "github"
      }
    },
    "home-manager": {
      "inputs": {
        "nixpkgs": [
          "nixpkgs"
        ]
      },
      "locked": {
        "lastModified": 1689802112,
        "narHash": "sha256-Se7oHV/L0dHTQ4xp8MvYafaVdkSzF04Hx5NeloUYHtM=",
        "owner": "nix-community",
        "repo": "home-manager",
        "rev": "0cb3ac57fca6b52c42e4c0f560185540ae1dfb6c",
        "type": "github"
      },
      "original": {
        "owner": "nix-community",
        "repo": "home-manager",
        "type": "github"
      }
    },
    "nixGL": {
      "inputs": {
        "flake-utils": "flake-utils",
        "nixpkgs": [
          "nixpkgs"
        ]
      },
      "locked": {
        "lastModified": 1685908677,
        "narHash": "sha256-E4zUPEUFyVWjVm45zICaHRpfGepfkE9Z2OECV9HXfA4=",
        "owner": "guibou",
        "repo": "nixGL",
        "rev": "489d6b095ab9d289fe11af0219a9ff00fe87c7c5",
        "type": "github"
      },
      "original": {
        "owner": "guibou",
        "repo": "nixGL",
        "type": "github"
      }
    },
    "nixpkgs": {
      "locked": {
        "lastModified": 1689752456,
        "narHash": "sha256-VOChdECcEI8ixz8QY+YC4JaNEFwQd1V8bA0G4B28Ki0=",
        "owner": "nixos",
        "repo": "nixpkgs",
        "rev": "7f256d7da238cb627ef189d56ed590739f42f13b",
        "type": "github"
      },
      "original": {
        "owner": "nixos",
        "ref": "nixpkgs-unstable",
        "repo": "nixpkgs",
        "type": "github"
      }
    },
    "root": {
      "inputs": {
        "home-manager": "home-manager",
        "nixGL": "nixGL",
        "nixpkgs": "nixpkgs",
        "t64gram": "t64gram"
      }
    },
    "t64gram": {
      "inputs": {
        "nixpkgs": [
          "nixpkgs"
        ]
      },
      "locked": {
        "lastModified": 1687312460,
        "narHash": "sha256-qkZhlS0hy4R3LG0FV/kJVmML+xmey5Db+p5NZZhq9oA=",
        "owner": "Markus328",
        "repo": "64gram-desktop-bin",
        "rev": "249378b70bc59f9cfb8f40fbc9146fc61c57e9f4",
        "type": "github"
      },
      "original": {
        "owner": "Markus328",
        "ref": "no-fhs",
        "repo": "64gram-desktop-bin",
        "type": "github"
      }
    }
  },
  "root": "root",
  "version": 7
}
